
Microsoft Visual Studio Solution File, Format Version 12.00
# Visual Studio Version 17
VisualStudioVersion = 17.3.32804.467
MinimumVisualStudioVersion = 10.0.40219.1
Project("{2150E333-8FDC-42A3-9474-1A3956D46DE8}") = "01 Presentacion", "01 Presentacion", "{1FD845E0-1ED6-4790-B182-65CAD522105D}"
EndProject
Project("{2150E333-8FDC-42A3-9474-1A3956D46DE8}") = "02 Dominio", "02 Dominio", "{9CD0678C-6A2A-4AE2-B99F-7186E875F4C9}"
EndProject
Project("{2150E333-8FDC-42A3-9474-1A3956D46DE8}") = "03 Infraestructura", "03 Infraestructura", "{D3F9E7CC-DE7E-432C-8BA2-9E836B1E46AE}"
EndProject
Project("{9A19103F-16F7-4668-BE54-9A1E7A4F7556}") = "Uibasoft.Domain", "Uibasoft.Domain\Uibasoft.Domain.csproj", "{29501861-5FD6-43EC-8401-EC3F62918CC7}"
EndProject
Project("{9A19103F-16F7-4668-BE54-9A1E7A4F7556}") = "Uibasoft.DataAccess", "Uibasoft.DataAccess\Uibasoft.DataAccess.csproj", "{7A51E421-A16C-444C-B777-997711982F07}"
EndProject
Project("{FAE04EC0-301F-11D3-BF4B-00C04F79EFBC}") = "AppWeb", "AppWeb\AppWeb.csproj", "{DEBDCFB5-7BB8-4D8B-A945-33B5E7A26AE2}"
EndProject
Global
	GlobalSection(SolutionConfigurationPlatforms) = preSolution
		Debug|Any CPU = Debug|Any CPU
		Release|Any CPU = Release|Any CPU
	EndGlobalSection
	GlobalSection(ProjectConfigurationPlatforms) = postSolution
		{29501861-5FD6-43EC-8401-EC3F62918CC7}.Debug|Any CPU.ActiveCfg = Debug|Any CPU
		{29501861-5FD6-43EC-8401-EC3F62918CC7}.Debug|Any CPU.Build.0 = Debug|Any CPU
		{29501861-5FD6-43EC-8401-EC3F62918CC7}.Release|Any CPU.ActiveCfg = Release|Any CPU
		{29501861-5FD6-43EC-8401-EC3F62918CC7}.Release|Any CPU.Build.0 = Release|Any CPU
		{7A51E421-A16C-444C-B777-997711982F07}.Debug|Any CPU.ActiveCfg = Debug|Any CPU
		{7A51E421-A16C-444C-B777-997711982F07}.Debug|Any CPU.Build.0 = Debug|Any CPU
		{7A51E421-A16C-444C-B777-997711982F07}.Release|Any CPU.ActiveCfg = Release|Any CPU
		{7A51E421-A16C-444C-B777-997711982F07}.Release|Any CPU.Build.0 = Release|Any CPU
		{DEBDCFB5-7BB8-4D8B-A945-33B5E7A26AE2}.Debug|Any CPU.ActiveCfg = Debug|Any CPU
		{DEBDCFB5-7BB8-4D8B-A945-33B5E7A26AE2}.Debug|Any CPU.Build.0 = Debug|Any CPU
		{DEBDCFB5-7BB8-4D8B-A945-33B5E7A26AE2}.Release|Any CPU.ActiveCfg = Release|Any CPU
		{DEBDCFB5-7BB8-4D8B-A945-33B5E7A26AE2}.Release|Any CPU.Build.0 = Release|Any CPU
	EndGlobalSection
	GlobalSection(SolutionProperties) = preSolution
		HideSolutionNode = FALSE
	EndGlobalSection
	GlobalSection(NestedProjects) = preSolution
		{29501861-5FD6-43EC-8401-EC3F62918CC7} = {9CD0678C-6A2A-4AE2-B99F-7186E875F4C9}
		{7A51E421-A16C-444C-B777-997711982F07} = {D3F9E7CC-DE7E-432C-8BA2-9E836B1E46AE}
		{DEBDCFB5-7BB8-4D8B-A945-33B5E7A26AE2} = {1FD845E0-1ED6-4790-B182-65CAD522105D}
	EndGlobalSection
	GlobalSection(ExtensibilityGlobals) = postSolution
		SolutionGuid = {118206ED-9D1B-4F03-B3C7-80F22A66F442}
	EndGlobalSection
EndGlobal
